
Microsoft Visual Studio Solution File, Format Version 12.00
# Visual Studio Version 16
VisualStudioVersion = 16.0.31727.386
MinimumVisualStudioVersion = 10.0.40219.1
Project("{FAE04EC0-301F-11D3-BF4B-00C04F79EFBC}") = "Hello World", "Hello World.csproj", "{CD18BBE1-4469-474F-8B93-9A672A390788}"
EndProject
Global
	GlobalSection(SolutionConfigurationPlatforms) = preSolution
		Debug|Any CPU = Debug|Any CPU
		Release|Any CPU = Release|Any CPU
	EndGlobalSection
	GlobalSection(ProjectConfigurationPlatforms) = postSolution
		{CD18BBE1-4469-474F-8B93-9A672A390788}.Debug|Any CPU.ActiveCfg = Debug|Any CPU
		{CD18BBE1-4469-474F-8B93-9A672A390788}.Debug|Any CPU.Build.0 = Debug|Any CPU
		{CD18BBE1-4469-474F-8B93-9A672A390788}.Release|Any CPU.ActiveCfg = Release|Any CPU
		{CD18BBE1-4469-474F-8B93-9A672A390788}.Release|Any CPU.Build.0 = Release|Any CPU
	EndGlobalSection
	GlobalSection(SolutionProperties) = preSolution
		HideSolutionNode = FALSE
	EndGlobalSection
	GlobalSection(ExtensibilityGlobals) = postSolution
		SolutionGuid = {042FEA7F-A2FD-4BF8-ACE4-6652C99D6038}
	EndGlobalSection
EndGlobal
